
Microsoft Visual Studio Solution File, Format Version 12.00
# Visual Studio Version 16
VisualStudioVersion = 16.0.30717.126
MinimumVisualStudioVersion = 10.0.40219.1
Project("{9A19103F-16F7-4668-BE54-9A1E7A4F7556}") = "CampIntro", "CampIntro\CampIntro.csproj", "{A7483262-DBA4-4B6D-B743-75C5D3548B30}"
EndProject
Project("{9A19103F-16F7-4668-BE54-9A1E7A4F7556}") = "Donguler", "Donguler\Donguler.csproj", "{7EEDC703-D0D6-4F06-AA92-37F32516226F}"
EndProject
Project("{9A19103F-16F7-4668-BE54-9A1E7A4F7556}") = "Classlar", "Classlar\Classlar.csproj", "{23981641-A163-4F27-AB58-295E26471225}"
EndProject
Project("{9A19103F-16F7-4668-BE54-9A1E7A4F7556}") = "Odev1", "Odev1\Odev1.csproj", "{DD9469FF-2CFC-4985-96DD-279224D0C0E6}"
EndProject
Project("{9A19103F-16F7-4668-BE54-9A1E7A4F7556}") = "Metodlar", "Metodlar\Metodlar.csproj", "{63070B8F-DFF5-4391-90AF-4464AC057250}"
EndProject
Project("{9A19103F-16F7-4668-BE54-9A1E7A4F7556}") = "Matematik", "Matematik\Matematik.csproj", "{7D8B3028-94CF-408C-9E5B-5B7412B88CF0}"
EndProject
Project("{9A19103F-16F7-4668-BE54-9A1E7A4F7556}") = "DegerVeReferansTipler", "DegerVeReferansTipler\DegerVeReferansTipler.csproj", "{EB62D471-8DE8-4A91-BC1C-918DF1B20F97}"
EndProject
Project("{9A19103F-16F7-4668-BE54-9A1E7A4F7556}") = "ClassMetotDemo", "ClassMetotDemo\ClassMetotDemo.csproj", "{CEC98EE0-1CE1-49AD-BFD8-D01D291C2755}"
EndProject
Project("{9A19103F-16F7-4668-BE54-9A1E7A4F7556}") = "OOP1", "OOP1\OOP1.csproj", "{8D852285-38B5-45C5-90FD-0AC409F15674}"
EndProject
Project("{9A19103F-16F7-4668-BE54-9A1E7A4F7556}") = "Collections", "Collections\Collections.csproj", "{CF7E5DCC-FB24-4501-877A-55C5000CD3CC}"
EndProject
Project("{9A19103F-16F7-4668-BE54-9A1E7A4F7556}") = "GenericsIntro", "GenericsIntro\GenericsIntro.csproj", "{86339283-069C-4515-B354-F2DA78E4A149}"
EndProject
Project("{9A19103F-16F7-4668-BE54-9A1E7A4F7556}") = "MyDictionary", "MyDictionary\MyDictionary.csproj", "{04FF9741-9211-4BC5-9656-7203618760F5}"
EndProject
Project("{9A19103F-16F7-4668-BE54-9A1E7A4F7556}") = "OOP2", "OOP2\OOP2.csproj", "{32A4C03F-43D7-4497-8417-23E8DDDD59B7}"
EndProject
Project("{9A19103F-16F7-4668-BE54-9A1E7A4F7556}") = "OOP3", "OOP3\OOP3.csproj", "{A3C2848F-8D21-4121-AEEB-93D28C5BCEF2}"
EndProject
Project("{FAE04EC0-301F-11D3-BF4B-00C04F79EFBC}") = "GamePlatformDemo", "GamePlatformDemo\GamePlatformDemo.csproj", "{2FB66B48-B351-4E3F-A2BD-C15C163A3F40}"
EndProject
Global
	GlobalSection(SolutionConfigurationPlatforms) = preSolution
		Debug|Any CPU = Debug|Any CPU
		Release|Any CPU = Release|Any CPU
	EndGlobalSection
	GlobalSection(ProjectConfigurationPlatforms) = postSolution
		{A7483262-DBA4-4B6D-B743-75C5D3548B30}.Debug|Any CPU.ActiveCfg = Debug|Any CPU
		{A7483262-DBA4-4B6D-B743-75C5D3548B30}.Debug|Any CPU.Build.0 = Debug|Any CPU
		{A7483262-DBA4-4B6D-B743-75C5D3548B30}.Release|Any CPU.ActiveCfg = Release|Any CPU
		{A7483262-DBA4-4B6D-B743-75C5D3548B30}.Release|Any CPU.Build.0 = Release|Any CPU
		{7EEDC703-D0D6-4F06-AA92-37F32516226F}.Debug|Any CPU.ActiveCfg = Debug|Any CPU
		{7EEDC703-D0D6-4F06-AA92-37F32516226F}.Debug|Any CPU.Build.0 = Debug|Any CPU
		{7EEDC703-D0D6-4F06-AA92-37F32516226F}.Release|Any CPU.ActiveCfg = Release|Any CPU
		{7EEDC703-D0D6-4F06-AA92-37F32516226F}.Release|Any CPU.Build.0 = Release|Any CPU
		{23981641-A163-4F27-AB58-295E26471225}.Debug|Any CPU.ActiveCfg = Debug|Any CPU
		{23981641-A163-4F27-AB58-295E26471225}.Debug|Any CPU.Build.0 = Debug|Any CPU
		{23981641-A163-4F27-AB58-295E26471225}.Release|Any CPU.ActiveCfg = Release|Any CPU
		{23981641-A163-4F27-AB58-295E26471225}.Release|Any CPU.Build.0 = Release|Any CPU
		{DD9469FF-2CFC-4985-96DD-279224D0C0E6}.Debug|Any CPU.ActiveCfg = Debug|Any CPU
		{DD9469FF-2CFC-4985-96DD-279224D0C0E6}.Debug|Any CPU.Build.0 = Debug|Any CPU
		{DD9469FF-2CFC-4985-96DD-279224D0C0E6}.Release|Any CPU.ActiveCfg = Release|Any CPU
		{DD9469FF-2CFC-4985-96DD-279224D0C0E6}.Release|Any CPU.Build.0 = Release|Any CPU
		{63070B8F-DFF5-4391-90AF-4464AC057250}.Debug|Any CPU.ActiveCfg = Debug|Any CPU
		{63070B8F-DFF5-4391-90AF-4464AC057250}.Debug|Any CPU.Build.0 = Debug|Any CPU
		{63070B8F-DFF5-4391-90AF-4464AC057250}.Release|Any CPU.ActiveCfg = Release|Any CPU
		{63070B8F-DFF5-4391-90AF-4464AC057250}.Release|Any CPU.Build.0 = Release|Any CPU
		{7D8B3028-94CF-408C-9E5B-5B7412B88CF0}.Debug|Any CPU.ActiveCfg = Debug|Any CPU
		{7D8B3028-94CF-408C-9E5B-5B7412B88CF0}.Debug|Any CPU.Build.0 = Debug|Any CPU
		{7D8B3028-94CF-408C-9E5B-5B7412B88CF0}.Release|Any CPU.ActiveCfg = Release|Any CPU
		{7D8B3028-94CF-408C-9E5B-5B7412B88CF0}.Release|Any CPU.Build.0 = Release|Any CPU
		{EB62D471-8DE8-4A91-BC1C-918DF1B20F97}.Debug|Any CPU.ActiveCfg = Debug|Any CPU
		{EB62D471-8DE8-4A91-BC1C-918DF1B20F97}.Debug|Any CPU.Build.0 = Debug|Any CPU
		{EB62D471-8DE8-4A91-BC1C-918DF1B20F97}.Release|Any CPU.ActiveCfg = Release|Any CPU
		{EB62D471-8DE8-4A91-BC1C-918DF1B20F97}.Release|Any CPU.Build.0 = Release|Any CPU
		{CEC98EE0-1CE1-49AD-BFD8-D01D291C2755}.Debug|Any CPU.ActiveCfg = Debug|Any CPU
		{CEC98EE0-1CE1-49AD-BFD8-D01D291C2755}.Debug|Any CPU.Build.0 = Debug|Any CPU
		{CEC98EE0-1CE1-49AD-BFD8-D01D291C2755}.Release|Any CPU.ActiveCfg = Release|Any CPU
		{CEC98EE0-1CE1-49AD-BFD8-D01D291C2755}.Release|Any CPU.Build.0 = Release|Any CPU
		{8D852285-38B5-45C5-90FD-0AC409F15674}.Debug|Any CPU.ActiveCfg = Debug|Any CPU
		{8D852285-38B5-45C5-90FD-0AC409F15674}.Debug|Any CPU.Build.0 = Debug|Any CPU
		{8D852285-38B5-45C5-90FD-0AC409F15674}.Release|Any CPU.ActiveCfg = Release|Any CPU
		{8D852285-38B5-45C5-90FD-0AC409F15674}.Release|Any CPU.Build.0 = Release|Any CPU
		{CF7E5DCC-FB24-4501-877A-55C5000CD3CC}.Debug|Any CPU.ActiveCfg = Debug|Any CPU
		{CF7E5DCC-FB24-4501-877A-55C5000CD3CC}.Debug|Any CPU.Build.0 = Debug|Any CPU
		{CF7E5DCC-FB24-4501-877A-55C5000CD3CC}.Release|Any CPU.ActiveCfg = Release|Any CPU
		{CF7E5DCC-FB24-4501-877A-55C5000CD3CC}.Release|Any CPU.Build.0 = Release|Any CPU
		{86339283-069C-4515-B354-F2DA78E4A149}.Debug|Any CPU.ActiveCfg = Debug|Any CPU
		{86339283-069C-4515-B354-F2DA78E4A149}.Debug|Any CPU.Build.0 = Debug|Any CPU
		{86339283-069C-4515-B354-F2DA78E4A149}.Release|Any CPU.ActiveCfg = Release|Any CPU
		{86339283-069C-4515-B354-F2DA78E4A149}.Release|Any CPU.Build.0 = Release|Any CPU
		{04FF9741-9211-4BC5-9656-7203618760F5}.Debug|Any CPU.ActiveCfg = Debug|Any CPU
		{04FF9741-9211-4BC5-9656-7203618760F5}.Debug|Any CPU.Build.0 = Debug|Any CPU
		{04FF9741-9211-4BC5-9656-7203618760F5}.Release|Any CPU.ActiveCfg = Release|Any CPU
		{04FF9741-9211-4BC5-9656-7203618760F5}.Release|Any CPU.Build.0 = Release|Any CPU
		{32A4C03F-43D7-4497-8417-23E8DDDD59B7}.Debug|Any CPU.ActiveCfg = Debug|Any CPU
		{32A4C03F-43D7-4497-8417-23E8DDDD59B7}.Debug|Any CPU.Build.0 = Debug|Any CPU
		{32A4C03F-43D7-4497-8417-23E8DDDD59B7}.Release|Any CPU.ActiveCfg = Release|Any CPU
		{32A4C03F-43D7-4497-8417-23E8DDDD59B7}.Release|Any CPU.Build.0 = Release|Any CPU
		{A3C2848F-8D21-4121-AEEB-93D28C5BCEF2}.Debug|Any CPU.ActiveCfg = Debug|Any CPU
		{A3C2848F-8D21-4121-AEEB-93D28C5BCEF2}.Debug|Any CPU.Build.0 = Debug|Any CPU
		{A3C2848F-8D21-4121-AEEB-93D28C5BCEF2}.Release|Any CPU.ActiveCfg = Release|Any CPU
		{A3C2848F-8D21-4121-AEEB-93D28C5BCEF2}.Release|Any CPU.Build.0 = Release|Any CPU
		{2FB66B48-B351-4E3F-A2BD-C15C163A3F40}.Debug|Any CPU.ActiveCfg = Debug|Any CPU
		{2FB66B48-B351-4E3F-A2BD-C15C163A3F40}.Debug|Any CPU.Build.0 = Debug|Any CPU
		{2FB66B48-B351-4E3F-A2BD-C15C163A3F40}.Release|Any CPU.ActiveCfg = Release|Any CPU
		{2FB66B48-B351-4E3F-A2BD-C15C163A3F40}.Release|Any CPU.Build.0 = Release|Any CPU
	EndGlobalSection
	GlobalSection(SolutionProperties) = preSolution
		HideSolutionNode = FALSE
	EndGlobalSection
	GlobalSection(ExtensibilityGlobals) = postSolution
		SolutionGuid = {91EEB71C-B662-4DDA-A7BF-0267E4A1695B}
	EndGlobalSection
EndGlobal
